// !$*UTF8*$!
{
	archiveVersion = 1;
	classes = {
	};
	objectVersion = 50;
	objects = {

/* Begin PBXBuildFile section */
		1FC89BEF26ECD64A00475B6C /* ExerciseAppApp.swift in Sources */ = {isa = PBXBuildFile; fileRef = 1FC89BEE26ECD64A00475B6C /* ExerciseAppApp.swift */; };
		1FC89BF126ECD64A00475B6C /* ContentView.swift in Sources */ = {isa = PBXBuildFile; fileRef = 1FC89BF026ECD64A00475B6C /* ContentView.swift */; };
		1FC89BF326ECD64A00475B6C /* Assets.xcassets in Resources */ = {isa = PBXBuildFile; fileRef = 1FC89BF226ECD64A00475B6C /* Assets.xcassets */; };
		1FC89BF626ECD64A00475B6C /* Preview Assets.xcassets in Resources */ = {isa = PBXBuildFile; fileRef = 1FC89BF526ECD64A00475B6C /* Preview Assets.xcassets */; };
		1FC89BFF26ECDC3000475B6C /* ExerciseManager.swift in Sources */ = {isa = PBXBuildFile; fileRef = 1FC89BFE26ECDC3000475B6C /* ExerciseManager.swift */; };
		1FC89C0326ECDD8E00475B6C /* ExerciseNetworkHandler.swift in Sources */ = {isa = PBXBuildFile; fileRef = 1FC89C0226ECDD8E00475B6C /* ExerciseNetworkHandler.swift */; };
		1FC89C0526ECDE4000475B6C /* Exercise.swift in Sources */ = {isa = PBXBuildFile; fileRef = 1FC89C0426ECDE4000475B6C /* Exercise.swift */; };
		1FC89C0826ECDEC900475B6C /* ExerciseDataStore.swift in Sources */ = {isa = PBXBuildFile; fileRef = 1FC89C0726ECDEC900475B6C /* ExerciseDataStore.swift */; };
		1FC89C0A26ED430900475B6C /* WebExercise.swift in Sources */ = {isa = PBXBuildFile; fileRef = 1FC89C0926ED430900475B6C /* WebExercise.swift */; };
		1FC89C0D26ED4D4000475B6C /* ExercisesOverview.swift in Sources */ = {isa = PBXBuildFile; fileRef = 1FC89C0C26ED4D4000475B6C /* ExercisesOverview.swift */; };
		1FC89C0F26ED4D7C00475B6C /* ExercisesOverviewViewModel.swift in Sources */ = {isa = PBXBuildFile; fileRef = 1FC89C0E26ED4D7C00475B6C /* ExercisesOverviewViewModel.swift */; };
		1FCCF2A426EE2F1500AE95FE /* TrainingViewModel.swift in Sources */ = {isa = PBXBuildFile; fileRef = 1FCCF2A326EE2F1500AE95FE /* TrainingViewModel.swift */; };
		1FCCF2A626EE301E00AE95FE /* TrainingView.swift in Sources */ = {isa = PBXBuildFile; fileRef = 1FCCF2A526EE301E00AE95FE /* TrainingView.swift */; };
/* End PBXBuildFile section */

/* Begin PBXFileReference section */
		1FC89BEB26ECD64A00475B6C /* ExerciseApp.app */ = {isa = PBXFileReference; explicitFileType = wrapper.application; includeInIndex = 0; path = ExerciseApp.app; sourceTree = BUILT_PRODUCTS_DIR; };
		1FC89BEE26ECD64A00475B6C /* ExerciseAppApp.swift */ = {isa = PBXFileReference; lastKnownFileType = sourcecode.swift; path = ExerciseAppApp.swift; sourceTree = "<group>"; };
		1FC89BF026ECD64A00475B6C /* ContentView.swift */ = {isa = PBXFileReference; lastKnownFileType = sourcecode.swift; path = ContentView.swift; sourceTree = "<group>"; };
		1FC89BF226ECD64A00475B6C /* Assets.xcassets */ = {isa = PBXFileReference; lastKnownFileType = folder.assetcatalog; path = Assets.xcassets; sourceTree = "<group>"; };
		1FC89BF526ECD64A00475B6C /* Preview Assets.xcassets */ = {isa = PBXFileReference; lastKnownFileType = folder.assetcatalog; path = "Preview Assets.xcassets"; sourceTree = "<group>"; };
		1FC89BF726ECD64A00475B6C /* Info.plist */ = {isa = PBXFileReference; lastKnownFileType = text.plist.xml; path = Info.plist; sourceTree = "<group>"; };
		1FC89BFE26ECDC3000475B6C /* ExerciseManager.swift */ = {isa = PBXFileReference; lastKnownFileType = sourcecode.swift; path = ExerciseManager.swift; sourceTree = "<group>"; };
		1FC89C0226ECDD8E00475B6C /* ExerciseNetworkHandler.swift */ = {isa = PBXFileReference; lastKnownFileType = sourcecode.swift; path = ExerciseNetworkHandler.swift; sourceTree = "<group>"; };
		1FC89C0426ECDE4000475B6C /* Exercise.swift */ = {isa = PBXFileReference; lastKnownFileType = sourcecode.swift; path = Exercise.swift; sourceTree = "<group>"; };
		1FC89C0726ECDEC900475B6C /* ExerciseDataStore.swift */ = {isa = PBXFileReference; lastKnownFileType = sourcecode.swift; path = ExerciseDataStore.swift; sourceTree = "<group>"; };
		1FC89C0926ED430900475B6C /* WebExercise.swift */ = {isa = PBXFileReference; lastKnownFileType = sourcecode.swift; path = WebExercise.swift; sourceTree = "<group>"; };
		1FC89C0C26ED4D4000475B6C /* ExercisesOverview.swift */ = {isa = PBXFileReference; lastKnownFileType = sourcecode.swift; path = ExercisesOverview.swift; sourceTree = "<group>"; };
		1FC89C0E26ED4D7C00475B6C /* ExercisesOverviewViewModel.swift */ = {isa = PBXFileReference; lastKnownFileType = sourcecode.swift; path = ExercisesOverviewViewModel.swift; sourceTree = "<group>"; };
		1FCCF2A326EE2F1500AE95FE /* TrainingViewModel.swift */ = {isa = PBXFileReference; lastKnownFileType = sourcecode.swift; path = TrainingViewModel.swift; sourceTree = "<group>"; };
		1FCCF2A526EE301E00AE95FE /* TrainingView.swift */ = {isa = PBXFileReference; lastKnownFileType = sourcecode.swift; path = TrainingView.swift; sourceTree = "<group>"; };
/* End PBXFileReference section */

/* Begin PBXFrameworksBuildPhase section */
		1FC89BE826ECD64A00475B6C /* Frameworks */ = {
			isa = PBXFrameworksBuildPhase;
			buildActionMask = 2147483647;
			files = (
			);
			runOnlyForDeploymentPostprocessing = 0;
		};
/* End PBXFrameworksBuildPhase section */

/* Begin PBXGroup section */
		1FC89BE226ECD64A00475B6C = {
			isa = PBXGroup;
			children = (
				1FC89BED26ECD64A00475B6C /* ExerciseApp */,
				1FC89BEC26ECD64A00475B6C /* Products */,
			);
			sourceTree = "<group>";
		};
		1FC89BEC26ECD64A00475B6C /* Products */ = {
			isa = PBXGroup;
			children = (
				1FC89BEB26ECD64A00475B6C /* ExerciseApp.app */,
			);
			name = Products;
			sourceTree = "<group>";
		};
		1FC89BED26ECD64A00475B6C /* ExerciseApp */ = {
			isa = PBXGroup;
			children = (
				1FC89C0126ECDD5800475B6C /* Exercise */,
				1FC89BEE26ECD64A00475B6C /* ExerciseAppApp.swift */,
				1FC89BF026ECD64A00475B6C /* ContentView.swift */,
				1FC89BF226ECD64A00475B6C /* Assets.xcassets */,
				1FC89BF726ECD64A00475B6C /* Info.plist */,
				1FC89BF426ECD64A00475B6C /* Preview Content */,
			);
			path = ExerciseApp;
			sourceTree = "<group>";
		};
		1FC89BF426ECD64A00475B6C /* Preview Content */ = {
			isa = PBXGroup;
			children = (
				1FC89BF526ECD64A00475B6C /* Preview Assets.xcassets */,
			);
			path = "Preview Content";
			sourceTree = "<group>";
		};
		1FC89BFD26ECDC0700475B6C /* Model */ = {
			isa = PBXGroup;
			children = (
				1FC89C0626ECDEB000475B6C /* DataStore */,
				1FC89C0026ECDD4500475B6C /* Networking */,
				1FC89BFE26ECDC3000475B6C /* ExerciseManager.swift */,
				1FC89C0426ECDE4000475B6C /* Exercise.swift */,
			);
			path = Model;
			sourceTree = "<group>";
		};
		1FC89C0026ECDD4500475B6C /* Networking */ = {
			isa = PBXGroup;
			children = (
				1FC89C0226ECDD8E00475B6C /* ExerciseNetworkHandler.swift */,
				1FC89C0926ED430900475B6C /* WebExercise.swift */,
			);
			path = Networking;
			sourceTree = "<group>";
		};
		1FC89C0126ECDD5800475B6C /* Exercise */ = {
			isa = PBXGroup;
			children = (
				1FC89C0B26ED4D2200475B6C /* UI */,
				1FC89BFD26ECDC0700475B6C /* Model */,
			);
			path = Exercise;
			sourceTree = "<group>";
		};
		1FC89C0626ECDEB000475B6C /* DataStore */ = {
			isa = PBXGroup;
			children = (
				1FC89C0726ECDEC900475B6C /* ExerciseDataStore.swift */,
			);
			path = DataStore;
			sourceTree = "<group>";
		};
		1FC89C0B26ED4D2200475B6C /* UI */ = {
			isa = PBXGroup;
			children = (
				1FC89C0C26ED4D4000475B6C /* ExercisesOverview.swift */,
				1FC89C0E26ED4D7C00475B6C /* ExercisesOverviewViewModel.swift */,
				1FCCF2A326EE2F1500AE95FE /* TrainingViewModel.swift */,
				1FCCF2A526EE301E00AE95FE /* TrainingView.swift */,
			);
			path = UI;
			sourceTree = "<group>";
		};
/* End PBXGroup section */

/* Begin PBXNativeTarget section */
		1FC89BEA26ECD64A00475B6C /* ExerciseApp */ = {
			isa = PBXNativeTarget;
			buildConfigurationList = 1FC89BFA26ECD64A00475B6C /* Build configuration list for PBXNativeTarget "ExerciseApp" */;
			buildPhases = (
				1FC89BE726ECD64A00475B6C /* Sources */,
				1FC89BE826ECD64A00475B6C /* Frameworks */,
				1FC89BE926ECD64A00475B6C /* Resources */,
			);
			buildRules = (
			);
			dependencies = (
			);
			name = ExerciseApp;
			productName = ExerciseApp;
			productReference = 1FC89BEB26ECD64A00475B6C /* ExerciseApp.app */;
			productType = "com.apple.product-type.application";
		};
/* End PBXNativeTarget section */

/* Begin PBXProject section */
		1FC89BE326ECD64A00475B6C /* Project object */ = {
			isa = PBXProject;
			attributes = {
				LastSwiftUpdateCheck = 1250;
				LastUpgradeCheck = 1250;
				TargetAttributes = {
					1FC89BEA26ECD64A00475B6C = {
						CreatedOnToolsVersion = 12.5.1;
					};
				};
			};
			buildConfigurationList = 1FC89BE626ECD64A00475B6C /* Build configuration list for PBXProject "ExerciseApp" */;
			compatibilityVersion = "Xcode 9.3";
			developmentRegion = en;
			hasScannedForEncodings = 0;
			knownRegions = (
				en,
				Base,
			);
			mainGroup = 1FC89BE226ECD64A00475B6C;
			productRefGroup = 1FC89BEC26ECD64A00475B6C /* Products */;
			projectDirPath = "";
			projectRoot = "";
			targets = (
				1FC89BEA26ECD64A00475B6C /* ExerciseApp */,
			);
		};
/* End PBXProject section */

/* Begin PBXResourcesBuildPhase section */
		1FC89BE926ECD64A00475B6C /* Resources */ = {
			isa = PBXResourcesBuildPhase;
			buildActionMask = 2147483647;
			files = (
				1FC89BF626ECD64A00475B6C /* Preview Assets.xcassets in Resources */,
				1FC89BF326ECD64A00475B6C /* Assets.xcassets in Resources */,
			);
			runOnlyForDeploymentPostprocessing = 0;
		};
/* End PBXResourcesBuildPhase section */

/* Begin PBXSourcesBuildPhase section */
		1FC89BE726ECD64A00475B6C /* Sources */ = {
			isa = PBXSourcesBuildPhase;
			buildActionMask = 2147483647;
			files = (
				1FC89C0526ECDE4000475B6C /* Exercise.swift in Sources */,
				1FC89C0A26ED430900475B6C /* WebExercise.swift in Sources */,
				1FCCF2A626EE301E00AE95FE /* TrainingView.swift in Sources */,
				1FCCF2A426EE2F1500AE95FE /* TrainingViewModel.swift in Sources */,
				1FC89BFF26ECDC3000475B6C /* ExerciseManager.swift in Sources */,
				1FC89BF126ECD64A00475B6C /* ContentView.swift in Sources */,
				1FC89C0D26ED4D4000475B6C /* ExercisesOverview.swift in Sources */,
				1FC89BEF26ECD64A00475B6C /* ExerciseAppApp.swift in Sources */,
				1FC89C0326ECDD8E00475B6C /* ExerciseNetworkHandler.swift in Sources */,
				1FC89C0F26ED4D7C00475B6C /* ExercisesOverviewViewModel.swift in Sources */,
				1FC89C0826ECDEC900475B6C /* ExerciseDataStore.swift in Sources */,
			);
			runOnlyForDeploymentPostprocessing = 0;
		};
/* End PBXSourcesBuildPhase section */

/* Begin XCBuildConfiguration section */
		1FC89BF826ECD64A00475B6C /* Debug */ = {
			isa = XCBuildConfiguration;
			buildSettings = {
				ALWAYS_SEARCH_USER_PATHS = NO;
				CLANG_ANALYZER_NONNULL = YES;
				CLANG_ANALYZER_NUMBER_OBJECT_CONVERSION = YES_AGGRESSIVE;
				CLANG_CXX_LANGUAGE_STANDARD = "gnu++14";
				CLANG_CXX_LIBRARY = "libc++";
				CLANG_ENABLE_MODULES = YES;
				CLANG_ENABLE_OBJC_ARC = YES;
				CLANG_ENABLE_OBJC_WEAK = YES;
				CLANG_WARN_BLOCK_CAPTURE_AUTORELEASING = YES;
				CLANG_WARN_BOOL_CONVERSION = YES;
				CLANG_WARN_COMMA = YES;
				CLANG_WARN_CONSTANT_CONVERSION = YES;
				CLANG_WARN_DEPRECATED_OBJC_IMPLEMENTATIONS = YES;
				CLANG_WARN_DIRECT_OBJC_ISA_USAGE = YES_ERROR;
				CLANG_WARN_DOCUMENTATION_COMMENTS = YES;
				CLANG_WARN_EMPTY_BODY = YES;
				CLANG_WARN_ENUM_CONVERSION = YES;
				CLANG_WARN_INFINITE_RECURSION = YES;
				CLANG_WARN_INT_CONVERSION = YES;
				CLANG_WARN_NON_LITERAL_NULL_CONVERSION = YES;
				CLANG_WARN_OBJC_IMPLICIT_RETAIN_SELF = YES;
				CLANG_WARN_OBJC_LITERAL_CONVERSION = YES;
				CLANG_WARN_OBJC_ROOT_CLASS = YES_ERROR;
				CLANG_WARN_QUOTED_INCLUDE_IN_FRAMEWORK_HEADER = YES;
				CLANG_WARN_RANGE_LOOP_ANALYSIS = YES;
				CLANG_WARN_STRICT_PROTOTYPES = YES;
				CLANG_WARN_SUSPICIOUS_MOVE = YES;
				CLANG_WARN_UNGUARDED_AVAILABILITY = YES_AGGRESSIVE;
				CLANG_WARN_UNREACHABLE_CODE = YES;
				CLANG_WARN__DUPLICATE_METHOD_MATCH = YES;
				COPY_PHASE_STRIP = NO;
				DEBUG_INFORMATION_FORMAT = dwarf;
				ENABLE_STRICT_OBJC_MSGSEND = YES;
				ENABLE_TESTABILITY = YES;
				GCC_C_LANGUAGE_STANDARD = gnu11;
				GCC_DYNAMIC_NO_PIC = NO;
				GCC_NO_COMMON_BLOCKS = YES;
				GCC_OPTIMIZATION_LEVEL = 0;
				GCC_PREPROCESSOR_DEFINITIONS = (
					"DEBUG=1",
					"$(inherited)",
				);
				GCC_WARN_64_TO_32_BIT_CONVERSION = YES;
				GCC_WARN_ABOUT_RETURN_TYPE = YES_ERROR;
				GCC_WARN_UNDECLARED_SELECTOR = YES;
				GCC_WARN_UNINITIALIZED_AUTOS = YES_AGGRESSIVE;
				GCC_WARN_UNUSED_FUNCTION = YES;
				GCC_WARN_UNUSED_VARIABLE = YES;
				IPHONEOS_DEPLOYMENT_TARGET = 14.5;
				MTL_ENABLE_DEBUG_INFO = INCLUDE_SOURCE;
				MTL_FAST_MATH = YES;
				ONLY_ACTIVE_ARCH = YES;
				SDKROOT = iphoneos;
				SWIFT_ACTIVE_COMPILATION_CONDITIONS = DEBUG;
				SWIFT_OPTIMIZATION_LEVEL = "-Onone";
			};
			name = Debug;
		};
		1FC89BF926ECD64A00475B6C /* Release */ = {
			isa = XCBuildConfiguration;
			buildSettings = {
				ALWAYS_SEARCH_USER_PATHS = NO;
				CLANG_ANALYZER_NONNULL = YES;
				CLANG_ANALYZER_NUMBER_OBJECT_CONVERSION = YES_AGGRESSIVE;
				CLANG_CXX_LANGUAGE_STANDARD = "gnu++14";
				CLANG_CXX_LIBRARY = "libc++";
				CLANG_ENABLE_MODULES = YES;
				CLANG_ENABLE_OBJC_ARC = YES;
				CLANG_ENABLE_OBJC_WEAK = YES;
				CLANG_WARN_BLOCK_CAPTURE_AUTORELEASING = YES;
				CLANG_WARN_BOOL_CONVERSION = YES;
				CLANG_WARN_COMMA = YES;
				CLANG_WARN_CONSTANT_CONVERSION = YES;
				CLANG_WARN_DEPRECATED_OBJC_IMPLEMENTATIONS = YES;
				CLANG_WARN_DIRECT_OBJC_ISA_USAGE = YES_ERROR;
				CLANG_WARN_DOCUMENTATION_COMMENTS = YES;
				CLANG_WARN_EMPTY_BODY = YES;
				CLANG_WARN_ENUM_CONVERSION = YES;
				CLANG_WARN_INFINITE_RECURSION = YES;
				CLANG_WARN_INT_CONVERSION = YES;
				CLANG_WARN_NON_LITERAL_NULL_CONVERSION = YES;
				CLANG_WARN_OBJC_IMPLICIT_RETAIN_SELF = YES;
				CLANG_WARN_OBJC_LITERAL_CONVERSION = YES;
				CLANG_WARN_OBJC_ROOT_CLASS = YES_ERROR;
				CLANG_WARN_QUOTED_INCLUDE_IN_FRAMEWORK_HEADER = YES;
				CLANG_WARN_RANGE_LOOP_ANALYSIS = YES;
				CLANG_WARN_STRICT_PROTOTYPES = YES;
				CLANG_WARN_SUSPICIOUS_MOVE = YES;
				CLANG_WARN_UNGUARDED_AVAILABILITY = YES_AGGRESSIVE;
				CLANG_WARN_UNREACHABLE_CODE = YES;
				CLANG_WARN__DUPLICATE_METHOD_MATCH = YES;
				COPY_PHASE_STRIP = NO;
				DEBUG_INFORMATION_FORMAT = "dwarf-with-dsym";
				ENABLE_NS_ASSERTIONS = NO;
				ENABLE_STRICT_OBJC_MSGSEND = YES;
				GCC_C_LANGUAGE_STANDARD = gnu11;
				GCC_NO_COMMON_BLOCKS = YES;
				GCC_WARN_64_TO_32_BIT_CONVERSION = YES;
				GCC_WARN_ABOUT_RETURN_TYPE = YES_ERROR;
				GCC_WARN_UNDECLARED_SELECTOR = YES;
				GCC_WARN_UNINITIALIZED_AUTOS = YES_AGGRESSIVE;
				GCC_WARN_UNUSED_FUNCTION = YES;
				GCC_WARN_UNUSED_VARIABLE = YES;
				IPHONEOS_DEPLOYMENT_TARGET = 14.5;
				MTL_ENABLE_DEBUG_INFO = NO;
				MTL_FAST_MATH = YES;
				SDKROOT = iphoneos;
				SWIFT_COMPILATION_MODE = wholemodule;
				SWIFT_OPTIMIZATION_LEVEL = "-O";
				VALIDATE_PRODUCT = YES;
			};
			name = Release;
		};
		1FC89BFB26ECD64A00475B6C /* Debug */ = {
			isa = XCBuildConfiguration;
			buildSettings = {
				ASSETCATALOG_COMPILER_APPICON_NAME = AppIcon;
				ASSETCATALOG_COMPILER_GLOBAL_ACCENT_COLOR_NAME = AccentColor;
				CODE_SIGN_STYLE = Automatic;
				DEVELOPMENT_ASSET_PATHS = "\"ExerciseApp/Preview Content\"";
				DEVELOPMENT_TEAM = 23B2Z9JXMP;
				ENABLE_PREVIEWS = YES;
				INFOPLIST_FILE = ExerciseApp/Info.plist;
				IPHONEOS_DEPLOYMENT_TARGET = 14.0;
				LD_RUNPATH_SEARCH_PATHS = (
					"$(inherited)",
					"@executable_path/Frameworks",
				);
				PRODUCT_BUNDLE_IDENTIFIER = mozden.travis.ExerciseApp;
				PRODUCT_NAME = "$(TARGET_NAME)";
				SWIFT_VERSION = 5.0;
				TARGETED_DEVICE_FAMILY = "1,2";
			};
			name = Debug;
		};
		1FC89BFC26ECD64A00475B6C /* Release */ = {
			isa = XCBuildConfiguration;
			buildSettings = {
				ASSETCATALOG_COMPILER_APPICON_NAME = AppIcon;
				ASSETCATALOG_COMPILER_GLOBAL_ACCENT_COLOR_NAME = AccentColor;
				CODE_SIGN_STYLE = Automatic;
				DEVELOPMENT_ASSET_PATHS = "\"ExerciseApp/Preview Content\"";
				DEVELOPMENT_TEAM = 23B2Z9JXMP;
				ENABLE_PREVIEWS = YES;
				INFOPLIST_FILE = ExerciseApp/Info.plist;
				IPHONEOS_DEPLOYMENT_TARGET = 14.0;
				LD_RUNPATH_SEARCH_PATHS = (
					"$(inherited)",
					"@executable_path/Frameworks",
				);
				PRODUCT_BUNDLE_IDENTIFIER = mozden.travis.ExerciseApp;
				PRODUCT_NAME = "$(TARGET_NAME)";
				SWIFT_VERSION = 5.0;
				TARGETED_DEVICE_FAMILY = "1,2";
			};
			name = Release;
		};
/* End XCBuildConfiguration section */

/* Begin XCConfigurationList section */
		1FC89BE626ECD64A00475B6C /* Build configuration list for PBXProject "ExerciseApp" */ = {
			isa = XCConfigurationList;
			buildConfigurations = (
				1FC89BF826ECD64A00475B6C /* Debug */,
				1FC89BF926ECD64A00475B6C /* Release */,
			);
			defaultConfigurationIsVisible = 0;
			defaultConfigurationName = Release;
		};
		1FC89BFA26ECD64A00475B6C /* Build configuration list for PBXNativeTarget "ExerciseApp" */ = {
			isa = XCConfigurationList;
			buildConfigurations = (
				1FC89BFB26ECD64A00475B6C /* Debug */,
				1FC89BFC26ECD64A00475B6C /* Release */,
			);
			defaultConfigurationIsVisible = 0;
			defaultConfigurationName = Release;
		};
/* End XCConfigurationList section */
	};
	rootObject = 1FC89BE326ECD64A00475B6C /* Project object */;
}
